
Microsoft Visual Studio Solution File, Format Version 12.00
# Visual Studio Version 17
VisualStudioVersion = 17.11.35303.130
MinimumVisualStudioVersion = 10.0.40219.1
Project("{FAE04EC0-301F-11D3-BF4B-00C04F79EFBC}") = "automatas-net", "automatas-net\automatas-net.csproj", "{A97C882B-3A64-4061-A168-AEE2FB066E98}"
EndProject
Global
	GlobalSection(SolutionConfigurationPlatforms) = preSolution
		Debug|Any CPU = Debug|Any CPU
		Release|Any CPU = Release|Any CPU
	EndGlobalSection
	GlobalSection(ProjectConfigurationPlatforms) = postSolution
		{A97C882B-3A64-4061-A168-AEE2FB066E98}.Debug|Any CPU.ActiveCfg = Debug|Any CPU
		{A97C882B-3A64-4061-A168-AEE2FB066E98}.Debug|Any CPU.Build.0 = Debug|Any CPU
		{A97C882B-3A64-4061-A168-AEE2FB066E98}.Release|Any CPU.ActiveCfg = Release|Any CPU
		{A97C882B-3A64-4061-A168-AEE2FB066E98}.Release|Any CPU.Build.0 = Release|Any CPU
	EndGlobalSection
	GlobalSection(SolutionProperties) = preSolution
		HideSolutionNode = FALSE
	EndGlobalSection
	GlobalSection(ExtensibilityGlobals) = postSolution
		SolutionGuid = {C7E6E32C-DD2D-4FE9-9630-D0C8F8D1D8DE}
	EndGlobalSection
EndGlobal
